
Microsoft Visual Studio Solution File, Format Version 12.00
# Visual Studio Version 16
VisualStudioVersion = 16.0.31025.194
MinimumVisualStudioVersion = 10.0.40219.1
Project("{FAE04EC0-301F-11D3-BF4B-00C04F79EFBC}") = "CoolThings.UWP", "CoolThings.UWP\CoolThings.UWP.csproj", "{DAD38E9B-F202-47ED-89E9-DA10421132AF}"
EndProject
Project("{FAE04EC0-301F-11D3-BF4B-00C04F79EFBC}") = "CoolThings.Android", "CoolThings.Android\CoolThings.Android.csproj", "{240E3C9F-FD74-43B4-858C-BB25CB473F19}"
EndProject
Project("{FAE04EC0-301F-11D3-BF4B-00C04F79EFBC}") = "CoolThings.iOS", "CoolThings.iOS\CoolThings.iOS.csproj", "{3A3F3529-381D-440A-AFBF-0D7329C054BC}"
EndProject
Project("{FAE04EC0-301F-11D3-BF4B-00C04F79EFBC}") = "CoolThings", "CoolThings\CoolThings.csproj", "{12DCF549-C6EB-454F-A700-28A8E6AA64A7}"
EndProject
Project("{FAE04EC0-301F-11D3-BF4B-00C04F79EFBC}") = "CoolThings.Business", "CoolThings.Business\CoolThings.Business.csproj", "{B79FD2D7-CF98-47B6-B539-18C6D9945107}"
EndProject
Project("{2150E333-8FDC-42A3-9474-1A3956D46DE8}") = "Targets", "Targets", "{C52DBD72-8110-4935-8A76-685753C683E6}"
EndProject
Project("{2150E333-8FDC-42A3-9474-1A3956D46DE8}") = "Core", "Core", "{9B29D882-E530-4DDB-9C95-17462B87AF4A}"
EndProject
Project("{2150E333-8FDC-42A3-9474-1A3956D46DE8}") = "Tests", "Tests", "{013637CA-7D24-4FFF-90E6-DC94938528DB}"
EndProject
Project("{FAE04EC0-301F-11D3-BF4B-00C04F79EFBC}") = "CoolThings.Business.Tests", "CoolThings.Business.Tests\CoolThings.Business.Tests.csproj", "{446580E0-E1F4-46DB-8674-92F29D66008C}"
EndProject
Project("{FAE04EC0-301F-11D3-BF4B-00C04F79EFBC}") = "CoolThings.Resources", "CoolThings.Resources\CoolThings.Resources.csproj", "{662C9F66-A883-4F23-AEC1-3A5E1E8E80EB}"
EndProject
Project("{2150E333-8FDC-42A3-9474-1A3956D46DE8}") = "Helpers", "Helpers", "{06BFC6B4-8972-4F0D-9671-A04CF3B16B9C}"
EndProject
Project("{FAE04EC0-301F-11D3-BF4B-00C04F79EFBC}") = "PharmacistEvents", "PharmacistEvents\PharmacistEvents.csproj", "{C87186DC-64CB-42D9-A5DA-99450BEE4C1A}"
EndProject
Project("{2150E333-8FDC-42A3-9474-1A3956D46DE8}") = "Stuff", "Stuff", "{B3381E2E-B008-46CF-99F0-B10BA0C40A42}"
ProjectSection(SolutionItems) = preProject
	.gitignore = .gitignore
	README.md = README.md
EndProjectSection
EndProject
Global
	GlobalSection(SolutionConfigurationPlatforms) = preSolution
		Debug|Any CPU = Debug|Any CPU
		Debug|ARM = Debug|ARM
		Debug|iPhone = Debug|iPhone
		Debug|iPhoneSimulator = Debug|iPhoneSimulator
		Debug|x64 = Debug|x64
		Debug|x86 = Debug|x86
		Release|Any CPU = Release|Any CPU
		Release|ARM = Release|ARM
		Release|iPhone = Release|iPhone
		Release|iPhoneSimulator = Release|iPhoneSimulator
		Release|x64 = Release|x64
		Release|x86 = Release|x86
	EndGlobalSection
	GlobalSection(ProjectConfigurationPlatforms) = postSolution
		{DAD38E9B-F202-47ED-89E9-DA10421132AF}.Debug|Any CPU.ActiveCfg = Debug|x86
		{DAD38E9B-F202-47ED-89E9-DA10421132AF}.Debug|Any CPU.Build.0 = Debug|x86
		{DAD38E9B-F202-47ED-89E9-DA10421132AF}.Debug|Any CPU.Deploy.0 = Debug|x86
		{DAD38E9B-F202-47ED-89E9-DA10421132AF}.Debug|ARM.ActiveCfg = Debug|ARM
		{DAD38E9B-F202-47ED-89E9-DA10421132AF}.Debug|ARM.Build.0 = Debug|ARM
		{DAD38E9B-F202-47ED-89E9-DA10421132AF}.Debug|ARM.Deploy.0 = Debug|ARM
		{DAD38E9B-F202-47ED-89E9-DA10421132AF}.Debug|iPhone.ActiveCfg = Debug|x86
		{DAD38E9B-F202-47ED-89E9-DA10421132AF}.Debug|iPhone.Build.0 = Debug|x86
		{DAD38E9B-F202-47ED-89E9-DA10421132AF}.Debug|iPhone.Deploy.0 = Debug|x86
		{DAD38E9B-F202-47ED-89E9-DA10421132AF}.Debug|iPhoneSimulator.ActiveCfg = Debug|x86
		{DAD38E9B-F202-47ED-89E9-DA10421132AF}.Debug|iPhoneSimulator.Build.0 = Debug|x86
		{DAD38E9B-F202-47ED-89E9-DA10421132AF}.Debug|iPhoneSimulator.Deploy.0 = Debug|x86
		{DAD38E9B-F202-47ED-89E9-DA10421132AF}.Debug|x64.ActiveCfg = Debug|x64
		{DAD38E9B-F202-47ED-89E9-DA10421132AF}.Debug|x64.Build.0 = Debug|x64
		{DAD38E9B-F202-47ED-89E9-DA10421132AF}.Debug|x64.Deploy.0 = Debug|x64
		{DAD38E9B-F202-47ED-89E9-DA10421132AF}.Debug|x86.ActiveCfg = Debug|x86
		{DAD38E9B-F202-47ED-89E9-DA10421132AF}.Debug|x86.Build.0 = Debug|x86
		{DAD38E9B-F202-47ED-89E9-DA10421132AF}.Debug|x86.Deploy.0 = Debug|x86
		{DAD38E9B-F202-47ED-89E9-DA10421132AF}.Release|Any CPU.ActiveCfg = Release|x86
		{DAD38E9B-F202-47ED-89E9-DA10421132AF}.Release|Any CPU.Build.0 = Release|x86
		{DAD38E9B-F202-47ED-89E9-DA10421132AF}.Release|Any CPU.Deploy.0 = Release|x86
		{DAD38E9B-F202-47ED-89E9-DA10421132AF}.Release|ARM.ActiveCfg = Release|ARM
		{DAD38E9B-F202-47ED-89E9-DA10421132AF}.Release|ARM.Build.0 = Release|ARM
		{DAD38E9B-F202-47ED-89E9-DA10421132AF}.Release|ARM.Deploy.0 = Release|ARM
		{DAD38E9B-F202-47ED-89E9-DA10421132AF}.Release|iPhone.ActiveCfg = Release|x86
		{DAD38E9B-F202-47ED-89E9-DA10421132AF}.Release|iPhone.Build.0 = Release|x86
		{DAD38E9B-F202-47ED-89E9-DA10421132AF}.Release|iPhone.Deploy.0 = Release|x86
		{DAD38E9B-F202-47ED-89E9-DA10421132AF}.Release|iPhoneSimulator.ActiveCfg = Release|x86
		{DAD38E9B-F202-47ED-89E9-DA10421132AF}.Release|iPhoneSimulator.Build.0 = Release|x86
		{DAD38E9B-F202-47ED-89E9-DA10421132AF}.Release|iPhoneSimulator.Deploy.0 = Release|x86
		{DAD38E9B-F202-47ED-89E9-DA10421132AF}.Release|x64.ActiveCfg = Release|x64
		{DAD38E9B-F202-47ED-89E9-DA10421132AF}.Release|x64.Build.0 = Release|x64
		{DAD38E9B-F202-47ED-89E9-DA10421132AF}.Release|x64.Deploy.0 = Release|x64
		{DAD38E9B-F202-47ED-89E9-DA10421132AF}.Release|x86.ActiveCfg = Release|x86
		{DAD38E9B-F202-47ED-89E9-DA10421132AF}.Release|x86.Build.0 = Release|x86
		{DAD38E9B-F202-47ED-89E9-DA10421132AF}.Release|x86.Deploy.0 = Release|x86
		{240E3C9F-FD74-43B4-858C-BB25CB473F19}.Debug|Any CPU.ActiveCfg = Debug|Any CPU
		{240E3C9F-FD74-43B4-858C-BB25CB473F19}.Debug|Any CPU.Build.0 = Debug|Any CPU
		{240E3C9F-FD74-43B4-858C-BB25CB473F19}.Debug|Any CPU.Deploy.0 = Debug|Any CPU
		{240E3C9F-FD74-43B4-858C-BB25CB473F19}.Debug|ARM.ActiveCfg = Debug|Any CPU
		{240E3C9F-FD74-43B4-858C-BB25CB473F19}.Debug|ARM.Build.0 = Debug|Any CPU
		{240E3C9F-FD74-43B4-858C-BB25CB473F19}.Debug|ARM.Deploy.0 = Debug|Any CPU
		{240E3C9F-FD74-43B4-858C-BB25CB473F19}.Debug|iPhone.ActiveCfg = Debug|Any CPU
		{240E3C9F-FD74-43B4-858C-BB25CB473F19}.Debug|iPhone.Build.0 = Debug|Any CPU
		{240E3C9F-FD74-43B4-858C-BB25CB473F19}.Debug|iPhone.Deploy.0 = Debug|Any CPU
		{240E3C9F-FD74-43B4-858C-BB25CB473F19}.Debug|iPhoneSimulator.ActiveCfg = Debug|Any CPU
		{240E3C9F-FD74-43B4-858C-BB25CB473F19}.Debug|iPhoneSimulator.Build.0 = Debug|Any CPU
		{240E3C9F-FD74-43B4-858C-BB25CB473F19}.Debug|iPhoneSimulator.Deploy.0 = Debug|Any CPU
		{240E3C9F-FD74-43B4-858C-BB25CB473F19}.Debug|x64.ActiveCfg = Debug|Any CPU
		{240E3C9F-FD74-43B4-858C-BB25CB473F19}.Debug|x64.Build.0 = Debug|Any CPU
		{240E3C9F-FD74-43B4-858C-BB25CB473F19}.Debug|x64.Deploy.0 = Debug|Any CPU
		{240E3C9F-FD74-43B4-858C-BB25CB473F19}.Debug|x86.ActiveCfg = Debug|Any CPU
		{240E3C9F-FD74-43B4-858C-BB25CB473F19}.Debug|x86.Build.0 = Debug|Any CPU
		{240E3C9F-FD74-43B4-858C-BB25CB473F19}.Debug|x86.Deploy.0 = Debug|Any CPU
		{240E3C9F-FD74-43B4-858C-BB25CB473F19}.Release|Any CPU.ActiveCfg = Release|Any CPU
		{240E3C9F-FD74-43B4-858C-BB25CB473F19}.Release|Any CPU.Build.0 = Release|Any CPU
		{240E3C9F-FD74-43B4-858C-BB25CB473F19}.Release|Any CPU.Deploy.0 = Release|Any CPU
		{240E3C9F-FD74-43B4-858C-BB25CB473F19}.Release|ARM.ActiveCfg = Release|Any CPU
		{240E3C9F-FD74-43B4-858C-BB25CB473F19}.Release|ARM.Build.0 = Release|Any CPU
		{240E3C9F-FD74-43B4-858C-BB25CB473F19}.Release|ARM.Deploy.0 = Release|Any CPU
		{240E3C9F-FD74-43B4-858C-BB25CB473F19}.Release|iPhone.ActiveCfg = Release|Any CPU
		{240E3C9F-FD74-43B4-858C-BB25CB473F19}.Release|iPhone.Build.0 = Release|Any CPU
		{240E3C9F-FD74-43B4-858C-BB25CB473F19}.Release|iPhone.Deploy.0 = Release|Any CPU
		{240E3C9F-FD74-43B4-858C-BB25CB473F19}.Release|iPhoneSimulator.ActiveCfg = Release|Any CPU
		{240E3C9F-FD74-43B4-858C-BB25CB473F19}.Release|iPhoneSimulator.Build.0 = Release|Any CPU
		{240E3C9F-FD74-43B4-858C-BB25CB473F19}.Release|iPhoneSimulator.Deploy.0 = Release|Any CPU
		{240E3C9F-FD74-43B4-858C-BB25CB473F19}.Release|x64.ActiveCfg = Release|Any CPU
		{240E3C9F-FD74-43B4-858C-BB25CB473F19}.Release|x64.Build.0 = Release|Any CPU
		{240E3C9F-FD74-43B4-858C-BB25CB473F19}.Release|x64.Deploy.0 = Release|Any CPU
		{240E3C9F-FD74-43B4-858C-BB25CB473F19}.Release|x86.ActiveCfg = Release|Any CPU
		{240E3C9F-FD74-43B4-858C-BB25CB473F19}.Release|x86.Build.0 = Release|Any CPU
		{240E3C9F-FD74-43B4-858C-BB25CB473F19}.Release|x86.Deploy.0 = Release|Any CPU
		{3A3F3529-381D-440A-AFBF-0D7329C054BC}.Debug|Any CPU.ActiveCfg = Debug|iPhoneSimulator
		{3A3F3529-381D-440A-AFBF-0D7329C054BC}.Debug|Any CPU.Build.0 = Debug|iPhoneSimulator
		{3A3F3529-381D-440A-AFBF-0D7329C054BC}.Debug|Any CPU.Deploy.0 = Debug|iPhoneSimulator
		{3A3F3529-381D-440A-AFBF-0D7329C054BC}.Debug|ARM.ActiveCfg = Debug|iPhone
		{3A3F3529-381D-440A-AFBF-0D7329C054BC}.Debug|ARM.Build.0 = Debug|iPhone
		{3A3F3529-381D-440A-AFBF-0D7329C054BC}.Debug|ARM.Deploy.0 = Debug|iPhone
		{3A3F3529-381D-440A-AFBF-0D7329C054BC}.Debug|iPhone.ActiveCfg = Debug|iPhone
		{3A3F3529-381D-440A-AFBF-0D7329C054BC}.Debug|iPhone.Build.0 = Debug|iPhone
		{3A3F3529-381D-440A-AFBF-0D7329C054BC}.Debug|iPhone.Deploy.0 = Debug|iPhone
		{3A3F3529-381D-440A-AFBF-0D7329C054BC}.Debug|iPhoneSimulator.ActiveCfg = Debug|iPhoneSimulator
		{3A3F3529-381D-440A-AFBF-0D7329C054BC}.Debug|iPhoneSimulator.Build.0 = Debug|iPhoneSimulator
		{3A3F3529-381D-440A-AFBF-0D7329C054BC}.Debug|iPhoneSimulator.Deploy.0 = Debug|iPhoneSimulator
		{3A3F3529-381D-440A-AFBF-0D7329C054BC}.Debug|x64.ActiveCfg = Debug|iPhoneSimulator
		{3A3F3529-381D-440A-AFBF-0D7329C054BC}.Debug|x64.Build.0 = Debug|iPhoneSimulator
		{3A3F3529-381D-440A-AFBF-0D7329C054BC}.Debug|x64.Deploy.0 = Debug|iPhoneSimulator
		{3A3F3529-381D-440A-AFBF-0D7329C054BC}.Debug|x86.ActiveCfg = Debug|iPhoneSimulator
		{3A3F3529-381D-440A-AFBF-0D7329C054BC}.Debug|x86.Build.0 = Debug|iPhoneSimulator
		{3A3F3529-381D-440A-AFBF-0D7329C054BC}.Debug|x86.Deploy.0 = Debug|iPhoneSimulator
		{3A3F3529-381D-440A-AFBF-0D7329C054BC}.Release|Any CPU.ActiveCfg = Release|iPhoneSimulator
		{3A3F3529-381D-440A-AFBF-0D7329C054BC}.Release|Any CPU.Build.0 = Release|iPhoneSimulator
		{3A3F3529-381D-440A-AFBF-0D7329C054BC}.Release|Any CPU.Deploy.0 = Release|iPhoneSimulator
		{3A3F3529-381D-440A-AFBF-0D7329C054BC}.Release|ARM.ActiveCfg = Release|iPhoneSimulator
		{3A3F3529-381D-440A-AFBF-0D7329C054BC}.Release|ARM.Build.0 = Release|iPhoneSimulator
		{3A3F3529-381D-440A-AFBF-0D7329C054BC}.Release|ARM.Deploy.0 = Release|iPhoneSimulator
		{3A3F3529-381D-440A-AFBF-0D7329C054BC}.Release|iPhone.ActiveCfg = Release|iPhone
		{3A3F3529-381D-440A-AFBF-0D7329C054BC}.Release|iPhone.Build.0 = Release|iPhone
		{3A3F3529-381D-440A-AFBF-0D7329C054BC}.Release|iPhone.Deploy.0 = Release|iPhone
		{3A3F3529-381D-440A-AFBF-0D7329C054BC}.Release|iPhoneSimulator.ActiveCfg = Release|iPhoneSimulator
		{3A3F3529-381D-440A-AFBF-0D7329C054BC}.Release|iPhoneSimulator.Build.0 = Release|iPhoneSimulator
		{3A3F3529-381D-440A-AFBF-0D7329C054BC}.Release|iPhoneSimulator.Deploy.0 = Release|iPhoneSimulator
		{3A3F3529-381D-440A-AFBF-0D7329C054BC}.Release|x64.ActiveCfg = Release|iPhoneSimulator
		{3A3F3529-381D-440A-AFBF-0D7329C054BC}.Release|x64.Build.0 = Release|iPhoneSimulator
		{3A3F3529-381D-440A-AFBF-0D7329C054BC}.Release|x64.Deploy.0 = Release|iPhoneSimulator
		{3A3F3529-381D-440A-AFBF-0D7329C054BC}.Release|x86.ActiveCfg = Release|iPhoneSimulator
		{3A3F3529-381D-440A-AFBF-0D7329C054BC}.Release|x86.Build.0 = Release|iPhoneSimulator
		{3A3F3529-381D-440A-AFBF-0D7329C054BC}.Release|x86.Deploy.0 = Release|iPhoneSimulator
		{12DCF549-C6EB-454F-A700-28A8E6AA64A7}.Debug|Any CPU.ActiveCfg = Debug|Any CPU
		{12DCF549-C6EB-454F-A700-28A8E6AA64A7}.Debug|Any CPU.Build.0 = Debug|Any CPU
		{12DCF549-C6EB-454F-A700-28A8E6AA64A7}.Debug|Any CPU.Deploy.0 = Debug|Any CPU
		{12DCF549-C6EB-454F-A700-28A8E6AA64A7}.Debug|ARM.ActiveCfg = Debug|Any CPU
		{12DCF549-C6EB-454F-A700-28A8E6AA64A7}.Debug|ARM.Build.0 = Debug|Any CPU
		{12DCF549-C6EB-454F-A700-28A8E6AA64A7}.Debug|ARM.Deploy.0 = Debug|Any CPU
		{12DCF549-C6EB-454F-A700-28A8E6AA64A7}.Debug|iPhone.ActiveCfg = Debug|Any CPU
		{12DCF549-C6EB-454F-A700-28A8E6AA64A7}.Debug|iPhone.Build.0 = Debug|Any CPU
		{12DCF549-C6EB-454F-A700-28A8E6AA64A7}.Debug|iPhone.Deploy.0 = Debug|Any CPU
		{12DCF549-C6EB-454F-A700-28A8E6AA64A7}.Debug|iPhoneSimulator.ActiveCfg = Debug|Any CPU
		{12DCF549-C6EB-454F-A700-28A8E6AA64A7}.Debug|iPhoneSimulator.Build.0 = Debug|Any CPU
		{12DCF549-C6EB-454F-A700-28A8E6AA64A7}.Debug|iPhoneSimulator.Deploy.0 = Debug|Any CPU
		{12DCF549-C6EB-454F-A700-28A8E6AA64A7}.Debug|x64.ActiveCfg = Debug|Any CPU
		{12DCF549-C6EB-454F-A700-28A8E6AA64A7}.Debug|x64.Build.0 = Debug|Any CPU
		{12DCF549-C6EB-454F-A700-28A8E6AA64A7}.Debug|x64.Deploy.0 = Debug|Any CPU
		{12DCF549-C6EB-454F-A700-28A8E6AA64A7}.Debug|x86.ActiveCfg = Debug|Any CPU
		{12DCF549-C6EB-454F-A700-28A8E6AA64A7}.Debug|x86.Build.0 = Debug|Any CPU
		{12DCF549-C6EB-454F-A700-28A8E6AA64A7}.Debug|x86.Deploy.0 = Debug|Any CPU
		{12DCF549-C6EB-454F-A700-28A8E6AA64A7}.Release|Any CPU.ActiveCfg = Release|Any CPU
		{12DCF549-C6EB-454F-A700-28A8E6AA64A7}.Release|Any CPU.Build.0 = Release|Any CPU
		{12DCF549-C6EB-454F-A700-28A8E6AA64A7}.Release|Any CPU.Deploy.0 = Release|Any CPU
		{12DCF549-C6EB-454F-A700-28A8E6AA64A7}.Release|ARM.ActiveCfg = Release|Any CPU
		{12DCF549-C6EB-454F-A700-28A8E6AA64A7}.Release|ARM.Build.0 = Release|Any CPU
		{12DCF549-C6EB-454F-A700-28A8E6AA64A7}.Release|ARM.Deploy.0 = Release|Any CPU
		{12DCF549-C6EB-454F-A700-28A8E6AA64A7}.Release|iPhone.ActiveCfg = Release|Any CPU
		{12DCF549-C6EB-454F-A700-28A8E6AA64A7}.Release|iPhone.Build.0 = Release|Any CPU
		{12DCF549-C6EB-454F-A700-28A8E6AA64A7}.Release|iPhone.Deploy.0 = Release|Any CPU
		{12DCF549-C6EB-454F-A700-28A8E6AA64A7}.Release|iPhoneSimulator.ActiveCfg = Release|Any CPU
		{12DCF549-C6EB-454F-A700-28A8E6AA64A7}.Release|iPhoneSimulator.Build.0 = Release|Any CPU
		{12DCF549-C6EB-454F-A700-28A8E6AA64A7}.Release|iPhoneSimulator.Deploy.0 = Release|Any CPU
		{12DCF549-C6EB-454F-A700-28A8E6AA64A7}.Release|x64.ActiveCfg = Release|Any CPU
		{12DCF549-C6EB-454F-A700-28A8E6AA64A7}.Release|x64.Build.0 = Release|Any CPU
		{12DCF549-C6EB-454F-A700-28A8E6AA64A7}.Release|x64.Deploy.0 = Release|Any CPU
		{12DCF549-C6EB-454F-A700-28A8E6AA64A7}.Release|x86.ActiveCfg = Release|Any CPU
		{12DCF549-C6EB-454F-A700-28A8E6AA64A7}.Release|x86.Build.0 = Release|Any CPU
		{12DCF549-C6EB-454F-A700-28A8E6AA64A7}.Release|x86.Deploy.0 = Release|Any CPU
		{B79FD2D7-CF98-47B6-B539-18C6D9945107}.Debug|Any CPU.ActiveCfg = Debug|Any CPU
		{B79FD2D7-CF98-47B6-B539-18C6D9945107}.Debug|Any CPU.Build.0 = Debug|Any CPU
		{B79FD2D7-CF98-47B6-B539-18C6D9945107}.Debug|ARM.ActiveCfg = Debug|Any CPU
		{B79FD2D7-CF98-47B6-B539-18C6D9945107}.Debug|ARM.Build.0 = Debug|Any CPU
		{B79FD2D7-CF98-47B6-B539-18C6D9945107}.Debug|iPhone.ActiveCfg = Debug|Any CPU
		{B79FD2D7-CF98-47B6-B539-18C6D9945107}.Debug|iPhone.Build.0 = Debug|Any CPU
		{B79FD2D7-CF98-47B6-B539-18C6D9945107}.Debug|iPhoneSimulator.ActiveCfg = Debug|Any CPU
		{B79FD2D7-CF98-47B6-B539-18C6D9945107}.Debug|iPhoneSimulator.Build.0 = Debug|Any CPU
		{B79FD2D7-CF98-47B6-B539-18C6D9945107}.Debug|x64.ActiveCfg = Debug|Any CPU
		{B79FD2D7-CF98-47B6-B539-18C6D9945107}.Debug|x64.Build.0 = Debug|Any CPU
		{B79FD2D7-CF98-47B6-B539-18C6D9945107}.Debug|x86.ActiveCfg = Debug|Any CPU
		{B79FD2D7-CF98-47B6-B539-18C6D9945107}.Debug|x86.Build.0 = Debug|Any CPU
		{B79FD2D7-CF98-47B6-B539-18C6D9945107}.Release|Any CPU.ActiveCfg = Release|Any CPU
		{B79FD2D7-CF98-47B6-B539-18C6D9945107}.Release|Any CPU.Build.0 = Release|Any CPU
		{B79FD2D7-CF98-47B6-B539-18C6D9945107}.Release|ARM.ActiveCfg = Release|Any CPU
		{B79FD2D7-CF98-47B6-B539-18C6D9945107}.Release|ARM.Build.0 = Release|Any CPU
		{B79FD2D7-CF98-47B6-B539-18C6D9945107}.Release|iPhone.ActiveCfg = Release|Any CPU
		{B79FD2D7-CF98-47B6-B539-18C6D9945107}.Release|iPhone.Build.0 = Release|Any CPU
		{B79FD2D7-CF98-47B6-B539-18C6D9945107}.Release|iPhoneSimulator.ActiveCfg = Release|Any CPU
		{B79FD2D7-CF98-47B6-B539-18C6D9945107}.Release|iPhoneSimulator.Build.0 = Release|Any CPU
		{B79FD2D7-CF98-47B6-B539-18C6D9945107}.Release|x64.ActiveCfg = Release|Any CPU
		{B79FD2D7-CF98-47B6-B539-18C6D9945107}.Release|x64.Build.0 = Release|Any CPU
		{B79FD2D7-CF98-47B6-B539-18C6D9945107}.Release|x86.ActiveCfg = Release|Any CPU
		{B79FD2D7-CF98-47B6-B539-18C6D9945107}.Release|x86.Build.0 = Release|Any CPU
		{446580E0-E1F4-46DB-8674-92F29D66008C}.Debug|Any CPU.ActiveCfg = Debug|Any CPU
		{446580E0-E1F4-46DB-8674-92F29D66008C}.Debug|Any CPU.Build.0 = Debug|Any CPU
		{446580E0-E1F4-46DB-8674-92F29D66008C}.Debug|ARM.ActiveCfg = Debug|Any CPU
		{446580E0-E1F4-46DB-8674-92F29D66008C}.Debug|ARM.Build.0 = Debug|Any CPU
		{446580E0-E1F4-46DB-8674-92F29D66008C}.Debug|iPhone.ActiveCfg = Debug|Any CPU
		{446580E0-E1F4-46DB-8674-92F29D66008C}.Debug|iPhone.Build.0 = Debug|Any CPU
		{446580E0-E1F4-46DB-8674-92F29D66008C}.Debug|iPhoneSimulator.ActiveCfg = Debug|Any CPU
		{446580E0-E1F4-46DB-8674-92F29D66008C}.Debug|iPhoneSimulator.Build.0 = Debug|Any CPU
		{446580E0-E1F4-46DB-8674-92F29D66008C}.Debug|x64.ActiveCfg = Debug|Any CPU
		{446580E0-E1F4-46DB-8674-92F29D66008C}.Debug|x64.Build.0 = Debug|Any CPU
		{446580E0-E1F4-46DB-8674-92F29D66008C}.Debug|x86.ActiveCfg = Debug|Any CPU
		{446580E0-E1F4-46DB-8674-92F29D66008C}.Debug|x86.Build.0 = Debug|Any CPU
		{446580E0-E1F4-46DB-8674-92F29D66008C}.Release|Any CPU.ActiveCfg = Release|Any CPU
		{446580E0-E1F4-46DB-8674-92F29D66008C}.Release|Any CPU.Build.0 = Release|Any CPU
		{446580E0-E1F4-46DB-8674-92F29D66008C}.Release|ARM.ActiveCfg = Release|Any CPU
		{446580E0-E1F4-46DB-8674-92F29D66008C}.Release|ARM.Build.0 = Release|Any CPU
		{446580E0-E1F4-46DB-8674-92F29D66008C}.Release|iPhone.ActiveCfg = Release|Any CPU
		{446580E0-E1F4-46DB-8674-92F29D66008C}.Release|iPhone.Build.0 = Release|Any CPU
		{446580E0-E1F4-46DB-8674-92F29D66008C}.Release|iPhoneSimulator.ActiveCfg = Release|Any CPU
		{446580E0-E1F4-46DB-8674-92F29D66008C}.Release|iPhoneSimulator.Build.0 = Release|Any CPU
		{446580E0-E1F4-46DB-8674-92F29D66008C}.Release|x64.ActiveCfg = Release|Any CPU
		{446580E0-E1F4-46DB-8674-92F29D66008C}.Release|x64.Build.0 = Release|Any CPU
		{446580E0-E1F4-46DB-8674-92F29D66008C}.Release|x86.ActiveCfg = Release|Any CPU
		{446580E0-E1F4-46DB-8674-92F29D66008C}.Release|x86.Build.0 = Release|Any CPU
		{662C9F66-A883-4F23-AEC1-3A5E1E8E80EB}.Debug|Any CPU.ActiveCfg = Debug|Any CPU
		{662C9F66-A883-4F23-AEC1-3A5E1E8E80EB}.Debug|Any CPU.Build.0 = Debug|Any CPU
		{662C9F66-A883-4F23-AEC1-3A5E1E8E80EB}.Debug|ARM.ActiveCfg = Debug|Any CPU
		{662C9F66-A883-4F23-AEC1-3A5E1E8E80EB}.Debug|ARM.Build.0 = Debug|Any CPU
		{662C9F66-A883-4F23-AEC1-3A5E1E8E80EB}.Debug|iPhone.ActiveCfg = Debug|Any CPU
		{662C9F66-A883-4F23-AEC1-3A5E1E8E80EB}.Debug|iPhone.Build.0 = Debug|Any CPU
		{662C9F66-A883-4F23-AEC1-3A5E1E8E80EB}.Debug|iPhoneSimulator.ActiveCfg = Debug|Any CPU
		{662C9F66-A883-4F23-AEC1-3A5E1E8E80EB}.Debug|iPhoneSimulator.Build.0 = Debug|Any CPU
		{662C9F66-A883-4F23-AEC1-3A5E1E8E80EB}.Debug|x64.ActiveCfg = Debug|Any CPU
		{662C9F66-A883-4F23-AEC1-3A5E1E8E80EB}.Debug|x64.Build.0 = Debug|Any CPU
		{662C9F66-A883-4F23-AEC1-3A5E1E8E80EB}.Debug|x86.ActiveCfg = Debug|Any CPU
		{662C9F66-A883-4F23-AEC1-3A5E1E8E80EB}.Debug|x86.Build.0 = Debug|Any CPU
		{662C9F66-A883-4F23-AEC1-3A5E1E8E80EB}.Release|Any CPU.ActiveCfg = Release|Any CPU
		{662C9F66-A883-4F23-AEC1-3A5E1E8E80EB}.Release|Any CPU.Build.0 = Release|Any CPU
		{662C9F66-A883-4F23-AEC1-3A5E1E8E80EB}.Release|ARM.ActiveCfg = Release|Any CPU
		{662C9F66-A883-4F23-AEC1-3A5E1E8E80EB}.Release|ARM.Build.0 = Release|Any CPU
		{662C9F66-A883-4F23-AEC1-3A5E1E8E80EB}.Release|iPhone.ActiveCfg = Release|Any CPU
		{662C9F66-A883-4F23-AEC1-3A5E1E8E80EB}.Release|iPhone.Build.0 = Release|Any CPU
		{662C9F66-A883-4F23-AEC1-3A5E1E8E80EB}.Release|iPhoneSimulator.ActiveCfg = Release|Any CPU
		{662C9F66-A883-4F23-AEC1-3A5E1E8E80EB}.Release|iPhoneSimulator.Build.0 = Release|Any CPU
		{662C9F66-A883-4F23-AEC1-3A5E1E8E80EB}.Release|x64.ActiveCfg = Release|Any CPU
		{662C9F66-A883-4F23-AEC1-3A5E1E8E80EB}.Release|x64.Build.0 = Release|Any CPU
		{662C9F66-A883-4F23-AEC1-3A5E1E8E80EB}.Release|x86.ActiveCfg = Release|Any CPU
		{662C9F66-A883-4F23-AEC1-3A5E1E8E80EB}.Release|x86.Build.0 = Release|Any CPU
		{C87186DC-64CB-42D9-A5DA-99450BEE4C1A}.Debug|Any CPU.ActiveCfg = Debug|Any CPU
		{C87186DC-64CB-42D9-A5DA-99450BEE4C1A}.Debug|Any CPU.Build.0 = Debug|Any CPU
		{C87186DC-64CB-42D9-A5DA-99450BEE4C1A}.Debug|ARM.ActiveCfg = Debug|Any CPU
		{C87186DC-64CB-42D9-A5DA-99450BEE4C1A}.Debug|ARM.Build.0 = Debug|Any CPU
		{C87186DC-64CB-42D9-A5DA-99450BEE4C1A}.Debug|iPhone.ActiveCfg = Debug|Any CPU
		{C87186DC-64CB-42D9-A5DA-99450BEE4C1A}.Debug|iPhone.Build.0 = Debug|Any CPU
		{C87186DC-64CB-42D9-A5DA-99450BEE4C1A}.Debug|iPhoneSimulator.ActiveCfg = Debug|Any CPU
		{C87186DC-64CB-42D9-A5DA-99450BEE4C1A}.Debug|iPhoneSimulator.Build.0 = Debug|Any CPU
		{C87186DC-64CB-42D9-A5DA-99450BEE4C1A}.Debug|x64.ActiveCfg = Debug|Any CPU
		{C87186DC-64CB-42D9-A5DA-99450BEE4C1A}.Debug|x64.Build.0 = Debug|Any CPU
		{C87186DC-64CB-42D9-A5DA-99450BEE4C1A}.Debug|x86.ActiveCfg = Debug|Any CPU
		{C87186DC-64CB-42D9-A5DA-99450BEE4C1A}.Debug|x86.Build.0 = Debug|Any CPU
		{C87186DC-64CB-42D9-A5DA-99450BEE4C1A}.Release|Any CPU.ActiveCfg = Release|Any CPU
		{C87186DC-64CB-42D9-A5DA-99450BEE4C1A}.Release|Any CPU.Build.0 = Release|Any CPU
		{C87186DC-64CB-42D9-A5DA-99450BEE4C1A}.Release|ARM.ActiveCfg = Release|Any CPU
		{C87186DC-64CB-42D9-A5DA-99450BEE4C1A}.Release|ARM.Build.0 = Release|Any CPU
		{C87186DC-64CB-42D9-A5DA-99450BEE4C1A}.Release|iPhone.ActiveCfg = Release|Any CPU
		{C87186DC-64CB-42D9-A5DA-99450BEE4C1A}.Release|iPhone.Build.0 = Release|Any CPU
		{C87186DC-64CB-42D9-A5DA-99450BEE4C1A}.Release|iPhoneSimulator.ActiveCfg = Release|Any CPU
		{C87186DC-64CB-42D9-A5DA-99450BEE4C1A}.Release|iPhoneSimulator.Build.0 = Release|Any CPU
		{C87186DC-64CB-42D9-A5DA-99450BEE4C1A}.Release|x64.ActiveCfg = Release|Any CPU
		{C87186DC-64CB-42D9-A5DA-99450BEE4C1A}.Release|x64.Build.0 = Release|Any CPU
		{C87186DC-64CB-42D9-A5DA-99450BEE4C1A}.Release|x86.ActiveCfg = Release|Any CPU
		{C87186DC-64CB-42D9-A5DA-99450BEE4C1A}.Release|x86.Build.0 = Release|Any CPU
	EndGlobalSection
	GlobalSection(SolutionProperties) = preSolution
		HideSolutionNode = FALSE
	EndGlobalSection
	GlobalSection(ExtensibilityGlobals) = postSolution
		SolutionGuid = {6306EB55-01AE-4F39-8490-0C430C151BA0}
	EndGlobalSection
	GlobalSection(NestedProjects) = preSolution
		{B79FD2D7-CF98-47B6-B539-18C6D9945107} = {9B29D882-E530-4DDB-9C95-17462B87AF4A}
		{12DCF549-C6EB-454F-A700-28A8E6AA64A7} = {9B29D882-E530-4DDB-9C95-17462B87AF4A}
		{240E3C9F-FD74-43B4-858C-BB25CB473F19} = {C52DBD72-8110-4935-8A76-685753C683E6}
		{3A3F3529-381D-440A-AFBF-0D7329C054BC} = {C52DBD72-8110-4935-8A76-685753C683E6}
		{DAD38E9B-F202-47ED-89E9-DA10421132AF} = {C52DBD72-8110-4935-8A76-685753C683E6}
		{446580E0-E1F4-46DB-8674-92F29D66008C} = {013637CA-7D24-4FFF-90E6-DC94938528DB}
		{662C9F66-A883-4F23-AEC1-3A5E1E8E80EB} = {9B29D882-E530-4DDB-9C95-17462B87AF4A}
		{C87186DC-64CB-42D9-A5DA-99450BEE4C1A} = {06BFC6B4-8972-4F0D-9671-A04CF3B16B9C}
	EndGlobalSection
EndGlobal
